
Microsoft Visual Studio Solution File, Format Version 12.00
# Visual Studio Version 16
VisualStudioVersion = 16.0.30804.86
MinimumVisualStudioVersion = 10.0.40219.1
Project("{888888A0-9F3D-457C-B088-3A5042F75D52}") = "Python", "Python\Python.pyproj", "{AE7707C4-E7D1-4CFF-B6B0-57424694D3F9}"
EndProject
Project("{888888A0-9F3D-457C-B088-3A5042F75D52}") = "ListPractice", "..\ListPractice\ListPractice.pyproj", "{5AFD90BF-B15E-4E9C-8AE6-99B2BB571240}"
EndProject
Project("{888888A0-9F3D-457C-B088-3A5042F75D52}") = "ListMethod", "..\ListMethod\ListMethod.pyproj", "{EFF103ED-5DB6-47E9-85DD-2100DC3E0F55}"
EndProject
Global
	GlobalSection(SolutionConfigurationPlatforms) = preSolution
		Debug|Any CPU = Debug|Any CPU
		Debug|x64 = Debug|x64
		Debug|x86 = Debug|x86
		Release|Any CPU = Release|Any CPU
		Release|x64 = Release|x64
		Release|x86 = Release|x86
	EndGlobalSection
	GlobalSection(ProjectConfigurationPlatforms) = postSolution
		{AE7707C4-E7D1-4CFF-B6B0-57424694D3F9}.Debug|Any CPU.ActiveCfg = Debug|Any CPU
		{AE7707C4-E7D1-4CFF-B6B0-57424694D3F9}.Debug|x64.ActiveCfg = Debug|Any CPU
		{AE7707C4-E7D1-4CFF-B6B0-57424694D3F9}.Debug|x86.ActiveCfg = Debug|Any CPU
		{AE7707C4-E7D1-4CFF-B6B0-57424694D3F9}.Release|Any CPU.ActiveCfg = Release|Any CPU
		{AE7707C4-E7D1-4CFF-B6B0-57424694D3F9}.Release|x64.ActiveCfg = Release|Any CPU
		{AE7707C4-E7D1-4CFF-B6B0-57424694D3F9}.Release|x86.ActiveCfg = Release|Any CPU
		{5AFD90BF-B15E-4E9C-8AE6-99B2BB571240}.Debug|Any CPU.ActiveCfg = Debug|Any CPU
		{5AFD90BF-B15E-4E9C-8AE6-99B2BB571240}.Debug|x64.ActiveCfg = Debug|Any CPU
		{5AFD90BF-B15E-4E9C-8AE6-99B2BB571240}.Debug|x86.ActiveCfg = Debug|Any CPU
		{5AFD90BF-B15E-4E9C-8AE6-99B2BB571240}.Release|Any CPU.ActiveCfg = Release|Any CPU
		{5AFD90BF-B15E-4E9C-8AE6-99B2BB571240}.Release|x64.ActiveCfg = Release|Any CPU
		{5AFD90BF-B15E-4E9C-8AE6-99B2BB571240}.Release|x86.ActiveCfg = Release|Any CPU
		{EFF103ED-5DB6-47E9-85DD-2100DC3E0F55}.Debug|Any CPU.ActiveCfg = Debug|Any CPU
		{EFF103ED-5DB6-47E9-85DD-2100DC3E0F55}.Debug|x64.ActiveCfg = Debug|Any CPU
		{EFF103ED-5DB6-47E9-85DD-2100DC3E0F55}.Debug|x86.ActiveCfg = Debug|Any CPU
		{EFF103ED-5DB6-47E9-85DD-2100DC3E0F55}.Release|Any CPU.ActiveCfg = Release|Any CPU
		{EFF103ED-5DB6-47E9-85DD-2100DC3E0F55}.Release|x64.ActiveCfg = Release|Any CPU
		{EFF103ED-5DB6-47E9-85DD-2100DC3E0F55}.Release|x86.ActiveCfg = Release|Any CPU
	EndGlobalSection
	GlobalSection(SolutionProperties) = preSolution
		HideSolutionNode = FALSE
	EndGlobalSection
	GlobalSection(ExtensibilityGlobals) = postSolution
		SolutionGuid = {9127833E-5989-47A2-B85A-94400BDF6279}
	EndGlobalSection
EndGlobal
